
Microsoft Visual Studio Solution File, Format Version 12.00
Project("{FAE04EC0-301F-11D3-BF4B-00C04F79EFBC}") = "SingleValueResults", "SingleValueResults\SingleValueResults.csproj", "{B3EE4B5F-D9C0-475A-A962-091E7C449C06}"
EndProject
Project("{FAE04EC0-301F-11D3-BF4B-00C04F79EFBC}") = "SingleValueResults.Usage", "SingleValueResults.Usage\SingleValueResults.Usage.csproj", "{8AE0E82A-0C9E-4789-987F-0A73567F6AD6}"
EndProject
Project("{FAE04EC0-301F-11D3-BF4B-00C04F79EFBC}") = "SngleValueResults.Test", "SngleValueResults.Test\SngleValueResults.Test.csproj", "{0BFBD222-391B-4434-A65E-E22B4F946D47}"
EndProject
Project("{2150E333-8FDC-42A3-9474-1A3956D46DE8}") = "Samples", "Samples", "{609DB6FA-6214-4181-AE85-ACBEBAC62694}"
EndProject
Project("{FAE04EC0-301F-11D3-BF4B-00C04F79EFBC}") = "ConsoleApp1", "..\Samples\ConsoleApp1\ConsoleApp1.csproj", "{D576275A-EBF0-42EF-93B7-E0808820B3CE}"
EndProject
Project("{FAE04EC0-301F-11D3-BF4B-00C04F79EFBC}") = "ConsoleApp2Optional", "..\Samples\ConsoleApp2Optional\ConsoleApp2Optional.csproj", "{5165ADF8-BBB2-4CFB-8BEE-CED7DFAF35D4}"
EndProject
Project("{FAE04EC0-301F-11D3-BF4B-00C04F79EFBC}") = "ConsoleApp3WrapTry", "..\Samples\ConsoleApp3WrapTry\ConsoleApp3WrapTry.csproj", "{F1C72147-C316-4ECC-8EB8-632FAB8CA68E}"
EndProject
Project("{FAE04EC0-301F-11D3-BF4B-00C04F79EFBC}") = "ConsoleApp4Unit", "..\Samples\ConsoleApp4Unit\ConsoleApp4Unit.csproj", "{50E6F692-7A0E-47AE-89D9-3919C19669FA}"
EndProject
Project("{FAE04EC0-301F-11D3-BF4B-00C04F79EFBC}") = "ConsoleApp5ROP1", "..\Samples\ConsoleApp5ROP1\ConsoleApp5ROP1.csproj", "{48D000D4-6D02-491A-A99B-B7F6DF63944F}"
EndProject
Project("{FAE04EC0-301F-11D3-BF4B-00C04F79EFBC}") = "ConsoleApp6RopAsync", "..\Samples\ConsoleApp6RopAsync\ConsoleApp6RopAsync.csproj", "{00E23402-BA1A-4E06-B80B-D08EF321EEC9}"
EndProject
Project("{FAE04EC0-301F-11D3-BF4B-00C04F79EFBC}") = "ConsoleApp6RopAsyncMix", "..\Samples\ConsoleApp6RopAsyncMix\ConsoleApp6RopAsyncMix.csproj", "{919C27DB-6F9E-4F0A-A90E-71B3954937F1}"
EndProject
Project("{FAE04EC0-301F-11D3-BF4B-00C04F79EFBC}") = "ConsoleApp7RopCombine", "ConsoleApp7RopCombine\ConsoleApp7RopCombine.csproj", "{7315557D-96F3-4C2A-A41A-6C183D824AC7}"
EndProject
Global
	GlobalSection(SolutionConfigurationPlatforms) = preSolution
		Debug|Any CPU = Debug|Any CPU
		Release|Any CPU = Release|Any CPU
	EndGlobalSection
	GlobalSection(ProjectConfigurationPlatforms) = postSolution
		{B3EE4B5F-D9C0-475A-A962-091E7C449C06}.Debug|Any CPU.ActiveCfg = Debug|Any CPU
		{B3EE4B5F-D9C0-475A-A962-091E7C449C06}.Debug|Any CPU.Build.0 = Debug|Any CPU
		{B3EE4B5F-D9C0-475A-A962-091E7C449C06}.Release|Any CPU.ActiveCfg = Release|Any CPU
		{B3EE4B5F-D9C0-475A-A962-091E7C449C06}.Release|Any CPU.Build.0 = Release|Any CPU
		{8AE0E82A-0C9E-4789-987F-0A73567F6AD6}.Debug|Any CPU.ActiveCfg = Debug|Any CPU
		{8AE0E82A-0C9E-4789-987F-0A73567F6AD6}.Debug|Any CPU.Build.0 = Debug|Any CPU
		{8AE0E82A-0C9E-4789-987F-0A73567F6AD6}.Release|Any CPU.ActiveCfg = Release|Any CPU
		{8AE0E82A-0C9E-4789-987F-0A73567F6AD6}.Release|Any CPU.Build.0 = Release|Any CPU
		{0BFBD222-391B-4434-A65E-E22B4F946D47}.Debug|Any CPU.ActiveCfg = Debug|Any CPU
		{0BFBD222-391B-4434-A65E-E22B4F946D47}.Debug|Any CPU.Build.0 = Debug|Any CPU
		{0BFBD222-391B-4434-A65E-E22B4F946D47}.Release|Any CPU.ActiveCfg = Release|Any CPU
		{0BFBD222-391B-4434-A65E-E22B4F946D47}.Release|Any CPU.Build.0 = Release|Any CPU
		{D576275A-EBF0-42EF-93B7-E0808820B3CE}.Debug|Any CPU.ActiveCfg = Debug|Any CPU
		{D576275A-EBF0-42EF-93B7-E0808820B3CE}.Debug|Any CPU.Build.0 = Debug|Any CPU
		{D576275A-EBF0-42EF-93B7-E0808820B3CE}.Release|Any CPU.ActiveCfg = Release|Any CPU
		{D576275A-EBF0-42EF-93B7-E0808820B3CE}.Release|Any CPU.Build.0 = Release|Any CPU
		{5165ADF8-BBB2-4CFB-8BEE-CED7DFAF35D4}.Debug|Any CPU.ActiveCfg = Debug|Any CPU
		{5165ADF8-BBB2-4CFB-8BEE-CED7DFAF35D4}.Debug|Any CPU.Build.0 = Debug|Any CPU
		{5165ADF8-BBB2-4CFB-8BEE-CED7DFAF35D4}.Release|Any CPU.ActiveCfg = Release|Any CPU
		{5165ADF8-BBB2-4CFB-8BEE-CED7DFAF35D4}.Release|Any CPU.Build.0 = Release|Any CPU
		{F1C72147-C316-4ECC-8EB8-632FAB8CA68E}.Debug|Any CPU.ActiveCfg = Debug|Any CPU
		{F1C72147-C316-4ECC-8EB8-632FAB8CA68E}.Debug|Any CPU.Build.0 = Debug|Any CPU
		{F1C72147-C316-4ECC-8EB8-632FAB8CA68E}.Release|Any CPU.ActiveCfg = Release|Any CPU
		{F1C72147-C316-4ECC-8EB8-632FAB8CA68E}.Release|Any CPU.Build.0 = Release|Any CPU
		{50E6F692-7A0E-47AE-89D9-3919C19669FA}.Debug|Any CPU.ActiveCfg = Debug|Any CPU
		{50E6F692-7A0E-47AE-89D9-3919C19669FA}.Debug|Any CPU.Build.0 = Debug|Any CPU
		{50E6F692-7A0E-47AE-89D9-3919C19669FA}.Release|Any CPU.ActiveCfg = Release|Any CPU
		{50E6F692-7A0E-47AE-89D9-3919C19669FA}.Release|Any CPU.Build.0 = Release|Any CPU
		{48D000D4-6D02-491A-A99B-B7F6DF63944F}.Debug|Any CPU.ActiveCfg = Debug|Any CPU
		{48D000D4-6D02-491A-A99B-B7F6DF63944F}.Debug|Any CPU.Build.0 = Debug|Any CPU
		{48D000D4-6D02-491A-A99B-B7F6DF63944F}.Release|Any CPU.ActiveCfg = Release|Any CPU
		{48D000D4-6D02-491A-A99B-B7F6DF63944F}.Release|Any CPU.Build.0 = Release|Any CPU
		{00E23402-BA1A-4E06-B80B-D08EF321EEC9}.Debug|Any CPU.ActiveCfg = Debug|Any CPU
		{00E23402-BA1A-4E06-B80B-D08EF321EEC9}.Debug|Any CPU.Build.0 = Debug|Any CPU
		{00E23402-BA1A-4E06-B80B-D08EF321EEC9}.Release|Any CPU.ActiveCfg = Release|Any CPU
		{00E23402-BA1A-4E06-B80B-D08EF321EEC9}.Release|Any CPU.Build.0 = Release|Any CPU
		{919C27DB-6F9E-4F0A-A90E-71B3954937F1}.Debug|Any CPU.ActiveCfg = Debug|Any CPU
		{919C27DB-6F9E-4F0A-A90E-71B3954937F1}.Debug|Any CPU.Build.0 = Debug|Any CPU
		{919C27DB-6F9E-4F0A-A90E-71B3954937F1}.Release|Any CPU.ActiveCfg = Release|Any CPU
		{919C27DB-6F9E-4F0A-A90E-71B3954937F1}.Release|Any CPU.Build.0 = Release|Any CPU
		{7315557D-96F3-4C2A-A41A-6C183D824AC7}.Debug|Any CPU.ActiveCfg = Debug|Any CPU
		{7315557D-96F3-4C2A-A41A-6C183D824AC7}.Debug|Any CPU.Build.0 = Debug|Any CPU
		{7315557D-96F3-4C2A-A41A-6C183D824AC7}.Release|Any CPU.ActiveCfg = Release|Any CPU
		{7315557D-96F3-4C2A-A41A-6C183D824AC7}.Release|Any CPU.Build.0 = Release|Any CPU
	EndGlobalSection
	GlobalSection(NestedProjects) = preSolution
		{D576275A-EBF0-42EF-93B7-E0808820B3CE} = {609DB6FA-6214-4181-AE85-ACBEBAC62694}
		{5165ADF8-BBB2-4CFB-8BEE-CED7DFAF35D4} = {609DB6FA-6214-4181-AE85-ACBEBAC62694}
		{F1C72147-C316-4ECC-8EB8-632FAB8CA68E} = {609DB6FA-6214-4181-AE85-ACBEBAC62694}
		{50E6F692-7A0E-47AE-89D9-3919C19669FA} = {609DB6FA-6214-4181-AE85-ACBEBAC62694}
		{48D000D4-6D02-491A-A99B-B7F6DF63944F} = {609DB6FA-6214-4181-AE85-ACBEBAC62694}
		{00E23402-BA1A-4E06-B80B-D08EF321EEC9} = {609DB6FA-6214-4181-AE85-ACBEBAC62694}
		{919C27DB-6F9E-4F0A-A90E-71B3954937F1} = {609DB6FA-6214-4181-AE85-ACBEBAC62694}
		{7315557D-96F3-4C2A-A41A-6C183D824AC7} = {609DB6FA-6214-4181-AE85-ACBEBAC62694}
	EndGlobalSection
EndGlobal
