
Microsoft Visual Studio Solution File, Format Version 12.00
Project("{FAE04EC0-301F-11D3-BF4B-00C04F79EFBC}") = "SingleValueResults", "SingleValueResults\SingleValueResults.csproj", "{B3EE4B5F-D9C0-475A-A962-091E7C449C06}"
EndProject
Project("{FAE04EC0-301F-11D3-BF4B-00C04F79EFBC}") = "SingleValueResults.Usage", "SingleValueResults.Usage\SingleValueResults.Usage.csproj", "{8AE0E82A-0C9E-4789-987F-0A73567F6AD6}"
EndProject
Project("{FAE04EC0-301F-11D3-BF4B-00C04F79EFBC}") = "SngleValueResults.Test", "SngleValueResults.Test\SngleValueResults.Test.csproj", "{0BFBD222-391B-4434-A65E-E22B4F946D47}"
EndProject
Project("{FAE04EC0-301F-11D3-BF4B-00C04F79EFBC}") = "ConsoleApp1", "ConsoleApp1\ConsoleApp1.csproj", "{90D02474-A22B-4386-9126-493C5D08D860}"
EndProject
Project("{FAE04EC0-301F-11D3-BF4B-00C04F79EFBC}") = "ConsoleApp2Optional", "ConsoleApp2Optional\ConsoleApp2Optional.csproj", "{DD5FC108-6016-430A-8FA5-C33AF18F5A5E}"
EndProject
Project("{2150E333-8FDC-42A3-9474-1A3956D46DE8}") = "Samples", "Samples", "{609DB6FA-6214-4181-AE85-ACBEBAC62694}"
EndProject
Project("{FAE04EC0-301F-11D3-BF4B-00C04F79EFBC}") = "ConsoleApp3WrapTry", "ConsoleApp3WrapTry\ConsoleApp3WrapTry.csproj", "{6FBE6BD0-16AA-457B-858D-1DE37F76C339}"
EndProject
Project("{FAE04EC0-301F-11D3-BF4B-00C04F79EFBC}") = "ConsoleApp4Unit", "ConsoleApp4Unit\ConsoleApp4Unit.csproj", "{0820BD8A-AC50-4082-8778-B87F7B027373}"
EndProject
Global
	GlobalSection(SolutionConfigurationPlatforms) = preSolution
		Debug|Any CPU = Debug|Any CPU
		Release|Any CPU = Release|Any CPU
	EndGlobalSection
	GlobalSection(ProjectConfigurationPlatforms) = postSolution
		{B3EE4B5F-D9C0-475A-A962-091E7C449C06}.Debug|Any CPU.ActiveCfg = Debug|Any CPU
		{B3EE4B5F-D9C0-475A-A962-091E7C449C06}.Debug|Any CPU.Build.0 = Debug|Any CPU
		{B3EE4B5F-D9C0-475A-A962-091E7C449C06}.Release|Any CPU.ActiveCfg = Release|Any CPU
		{B3EE4B5F-D9C0-475A-A962-091E7C449C06}.Release|Any CPU.Build.0 = Release|Any CPU
		{8AE0E82A-0C9E-4789-987F-0A73567F6AD6}.Debug|Any CPU.ActiveCfg = Debug|Any CPU
		{8AE0E82A-0C9E-4789-987F-0A73567F6AD6}.Debug|Any CPU.Build.0 = Debug|Any CPU
		{8AE0E82A-0C9E-4789-987F-0A73567F6AD6}.Release|Any CPU.ActiveCfg = Release|Any CPU
		{8AE0E82A-0C9E-4789-987F-0A73567F6AD6}.Release|Any CPU.Build.0 = Release|Any CPU
		{0BFBD222-391B-4434-A65E-E22B4F946D47}.Debug|Any CPU.ActiveCfg = Debug|Any CPU
		{0BFBD222-391B-4434-A65E-E22B4F946D47}.Debug|Any CPU.Build.0 = Debug|Any CPU
		{0BFBD222-391B-4434-A65E-E22B4F946D47}.Release|Any CPU.ActiveCfg = Release|Any CPU
		{0BFBD222-391B-4434-A65E-E22B4F946D47}.Release|Any CPU.Build.0 = Release|Any CPU
		{90D02474-A22B-4386-9126-493C5D08D860}.Debug|Any CPU.ActiveCfg = Debug|Any CPU
		{90D02474-A22B-4386-9126-493C5D08D860}.Debug|Any CPU.Build.0 = Debug|Any CPU
		{90D02474-A22B-4386-9126-493C5D08D860}.Release|Any CPU.ActiveCfg = Release|Any CPU
		{90D02474-A22B-4386-9126-493C5D08D860}.Release|Any CPU.Build.0 = Release|Any CPU
		{DD5FC108-6016-430A-8FA5-C33AF18F5A5E}.Debug|Any CPU.ActiveCfg = Debug|Any CPU
		{DD5FC108-6016-430A-8FA5-C33AF18F5A5E}.Debug|Any CPU.Build.0 = Debug|Any CPU
		{DD5FC108-6016-430A-8FA5-C33AF18F5A5E}.Release|Any CPU.ActiveCfg = Release|Any CPU
		{DD5FC108-6016-430A-8FA5-C33AF18F5A5E}.Release|Any CPU.Build.0 = Release|Any CPU
		{6FBE6BD0-16AA-457B-858D-1DE37F76C339}.Debug|Any CPU.ActiveCfg = Debug|Any CPU
		{6FBE6BD0-16AA-457B-858D-1DE37F76C339}.Debug|Any CPU.Build.0 = Debug|Any CPU
		{6FBE6BD0-16AA-457B-858D-1DE37F76C339}.Release|Any CPU.ActiveCfg = Release|Any CPU
		{6FBE6BD0-16AA-457B-858D-1DE37F76C339}.Release|Any CPU.Build.0 = Release|Any CPU
		{0820BD8A-AC50-4082-8778-B87F7B027373}.Debug|Any CPU.ActiveCfg = Debug|Any CPU
		{0820BD8A-AC50-4082-8778-B87F7B027373}.Debug|Any CPU.Build.0 = Debug|Any CPU
		{0820BD8A-AC50-4082-8778-B87F7B027373}.Release|Any CPU.ActiveCfg = Release|Any CPU
		{0820BD8A-AC50-4082-8778-B87F7B027373}.Release|Any CPU.Build.0 = Release|Any CPU
	EndGlobalSection
	GlobalSection(NestedProjects) = preSolution
		{90D02474-A22B-4386-9126-493C5D08D860} = {609DB6FA-6214-4181-AE85-ACBEBAC62694}
		{DD5FC108-6016-430A-8FA5-C33AF18F5A5E} = {609DB6FA-6214-4181-AE85-ACBEBAC62694}
		{6FBE6BD0-16AA-457B-858D-1DE37F76C339} = {609DB6FA-6214-4181-AE85-ACBEBAC62694}
		{0820BD8A-AC50-4082-8778-B87F7B027373} = {609DB6FA-6214-4181-AE85-ACBEBAC62694}
	EndGlobalSection
EndGlobal
